
Microsoft Visual Studio Solution File, Format Version 12.00
# Visual Studio Version 16
VisualStudioVersion = 16.0.29806.167
MinimumVisualStudioVersion = 10.0.40219.1
Project("{8BC9CEB8-8B4A-11D0-8D11-00A0C91BC942}") = "List1_Nechunaeva", "List1_Nechunaeva\List1_Nechunaeva.vcxproj", "{1254E7C5-ABB1-4BD0-A7D9-63D809CA66BE}"
EndProject
Global
	GlobalSection(SolutionConfigurationPlatforms) = preSolution
		Debug|x64 = Debug|x64
		Debug|x86 = Debug|x86
		Release|x64 = Release|x64
		Release|x86 = Release|x86
	EndGlobalSection
	GlobalSection(ProjectConfigurationPlatforms) = postSolution
		{1254E7C5-ABB1-4BD0-A7D9-63D809CA66BE}.Debug|x64.ActiveCfg = Debug|x64
		{1254E7C5-ABB1-4BD0-A7D9-63D809CA66BE}.Debug|x64.Build.0 = Debug|x64
		{1254E7C5-ABB1-4BD0-A7D9-63D809CA66BE}.Debug|x86.ActiveCfg = Debug|Win32
		{1254E7C5-ABB1-4BD0-A7D9-63D809CA66BE}.Debug|x86.Build.0 = Debug|Win32
		{1254E7C5-ABB1-4BD0-A7D9-63D809CA66BE}.Release|x64.ActiveCfg = Release|x64
		{1254E7C5-ABB1-4BD0-A7D9-63D809CA66BE}.Release|x64.Build.0 = Release|x64
		{1254E7C5-ABB1-4BD0-A7D9-63D809CA66BE}.Release|x86.ActiveCfg = Release|Win32
		{1254E7C5-ABB1-4BD0-A7D9-63D809CA66BE}.Release|x86.Build.0 = Release|Win32
	EndGlobalSection
	GlobalSection(SolutionProperties) = preSolution
		HideSolutionNode = FALSE
	EndGlobalSection
	GlobalSection(ExtensibilityGlobals) = postSolution
		SolutionGuid = {4556D715-8E69-4A29-9483-2BF44F7DC5A1}
	EndGlobalSection
EndGlobal
